
Microsoft Visual Studio Solution File, Format Version 12.00
# Visual Studio Version 16
VisualStudioVersion = 16.0.29001.49
MinimumVisualStudioVersion = 10.0.40219.1
Project("{FAE04EC0-301F-11D3-BF4B-00C04F79EFBC}") = "Constructores", "Constructores\Constructores.csproj", "{77C1C65C-7F67-474F-A15C-6E33D4BC52A8}"
EndProject
Global
	GlobalSection(SolutionConfigurationPlatforms) = preSolution
		Debug|Any CPU = Debug|Any CPU
		Release|Any CPU = Release|Any CPU
	EndGlobalSection
	GlobalSection(ProjectConfigurationPlatforms) = postSolution
		{77C1C65C-7F67-474F-A15C-6E33D4BC52A8}.Debug|Any CPU.ActiveCfg = Debug|Any CPU
		{77C1C65C-7F67-474F-A15C-6E33D4BC52A8}.Debug|Any CPU.Build.0 = Debug|Any CPU
		{77C1C65C-7F67-474F-A15C-6E33D4BC52A8}.Release|Any CPU.ActiveCfg = Release|Any CPU
		{77C1C65C-7F67-474F-A15C-6E33D4BC52A8}.Release|Any CPU.Build.0 = Release|Any CPU
	EndGlobalSection
	GlobalSection(SolutionProperties) = preSolution
		HideSolutionNode = FALSE
	EndGlobalSection
	GlobalSection(ExtensibilityGlobals) = postSolution
		SolutionGuid = {EDF8AB46-D68A-4CE6-8A97-7FB5F0B5BFFF}
	EndGlobalSection
EndGlobal
